
Microsoft Visual Studio Solution File, Format Version 12.00
# Visual Studio Version 16
VisualStudioVersion = 16.0.30413.136
MinimumVisualStudioVersion = 10.0.40219.1
Project("{FAE04EC0-301F-11D3-BF4B-00C04F79EFBC}") = "POO2RestAPICamadas", "POO2RestAPICamadas\POO2RestAPICamadas.csproj", "{0A605D9A-7F6A-47FB-8720-056DF38FC426}"
EndProject
Project("{2150E333-8FDC-42A3-9474-1A3956D46DE8}") = "Projeto N2", "Projeto N2", "{63825200-93BA-421C-BCF5-2B7EBB3DBFCD}"
EndProject
Project("{2150E333-8FDC-42A3-9474-1A3956D46DE8}") = "API", "API", "{194BCE4C-459D-40F4-B548-B6023AB89AB3}"
EndProject
Project("{2150E333-8FDC-42A3-9474-1A3956D46DE8}") = "DAL", "DAL", "{44BDD6A0-9CEB-48E3-B9FE-332B795B9AA7}"
EndProject
Project("{2150E333-8FDC-42A3-9474-1A3956D46DE8}") = "EF", "EF", "{C1E1C143-C3F1-4635-B74D-2E1C9EFD5D3C}"
EndProject
Project("{FAE04EC0-301F-11D3-BF4B-00C04F79EFBC}") = "POO2DAL", "POO2DAL\POO2DAL.csproj", "{4EAC6CE7-ED0C-44A3-864A-7A3A078ECCEA}"
EndProject
Project("{FAE04EC0-301F-11D3-BF4B-00C04F79EFBC}") = "POO2EF", "POO2EF\POO2EF.csproj", "{06A751D2-97CF-4BCA-92FF-BFBC5CF9E2C4}"
EndProject
Project("{2150E333-8FDC-42A3-9474-1A3956D46DE8}") = "POCO", "POCO", "{F97465C6-E601-428D-9404-D0A02FED2DBD}"
EndProject
Project("{FAE04EC0-301F-11D3-BF4B-00C04F79EFBC}") = "POO2POCO", "POO2POCO\POO2POCO.csproj", "{A6091058-B9A5-4696-9536-3D852BB85AEE}"
EndProject
Project("{2150E333-8FDC-42A3-9474-1A3956D46DE8}") = "SERVICES", "SERVICES", "{F7A9ABF9-3D76-459D-8B3E-D3AEC01281E6}"
EndProject
Project("{FAE04EC0-301F-11D3-BF4B-00C04F79EFBC}") = "POO2SERVICES", "POO2SERVICES\POO2SERVICES.csproj", "{0C848829-60F0-4267-8DDF-C8C0884429F6}"
EndProject
Project("{2150E333-8FDC-42A3-9474-1A3956D46DE8}") = "Camada 1", "Camada 1", "{8FA71D73-1450-48C9-B848-A5CAA64E0F0D}"
EndProject
Project("{2150E333-8FDC-42A3-9474-1A3956D46DE8}") = "Camada 2", "Camada 2", "{4EA6E180-2CEC-48D4-8D85-C9B61A0C6914}"
EndProject
Project("{2150E333-8FDC-42A3-9474-1A3956D46DE8}") = "Camada 3", "Camada 3", "{F215F006-32C4-4EE6-98E1-D17E1D90927F}"
EndProject
Global
	GlobalSection(SolutionConfigurationPlatforms) = preSolution
		Debug|Any CPU = Debug|Any CPU
		Release|Any CPU = Release|Any CPU
	EndGlobalSection
	GlobalSection(ProjectConfigurationPlatforms) = postSolution
		{0A605D9A-7F6A-47FB-8720-056DF38FC426}.Debug|Any CPU.ActiveCfg = Debug|Any CPU
		{0A605D9A-7F6A-47FB-8720-056DF38FC426}.Debug|Any CPU.Build.0 = Debug|Any CPU
		{0A605D9A-7F6A-47FB-8720-056DF38FC426}.Release|Any CPU.ActiveCfg = Release|Any CPU
		{0A605D9A-7F6A-47FB-8720-056DF38FC426}.Release|Any CPU.Build.0 = Release|Any CPU
		{4EAC6CE7-ED0C-44A3-864A-7A3A078ECCEA}.Debug|Any CPU.ActiveCfg = Debug|Any CPU
		{4EAC6CE7-ED0C-44A3-864A-7A3A078ECCEA}.Debug|Any CPU.Build.0 = Debug|Any CPU
		{4EAC6CE7-ED0C-44A3-864A-7A3A078ECCEA}.Release|Any CPU.ActiveCfg = Release|Any CPU
		{4EAC6CE7-ED0C-44A3-864A-7A3A078ECCEA}.Release|Any CPU.Build.0 = Release|Any CPU
		{06A751D2-97CF-4BCA-92FF-BFBC5CF9E2C4}.Debug|Any CPU.ActiveCfg = Debug|Any CPU
		{06A751D2-97CF-4BCA-92FF-BFBC5CF9E2C4}.Debug|Any CPU.Build.0 = Debug|Any CPU
		{06A751D2-97CF-4BCA-92FF-BFBC5CF9E2C4}.Release|Any CPU.ActiveCfg = Release|Any CPU
		{06A751D2-97CF-4BCA-92FF-BFBC5CF9E2C4}.Release|Any CPU.Build.0 = Release|Any CPU
		{A6091058-B9A5-4696-9536-3D852BB85AEE}.Debug|Any CPU.ActiveCfg = Debug|Any CPU
		{A6091058-B9A5-4696-9536-3D852BB85AEE}.Debug|Any CPU.Build.0 = Debug|Any CPU
		{A6091058-B9A5-4696-9536-3D852BB85AEE}.Release|Any CPU.ActiveCfg = Release|Any CPU
		{A6091058-B9A5-4696-9536-3D852BB85AEE}.Release|Any CPU.Build.0 = Release|Any CPU
		{0C848829-60F0-4267-8DDF-C8C0884429F6}.Debug|Any CPU.ActiveCfg = Debug|Any CPU
		{0C848829-60F0-4267-8DDF-C8C0884429F6}.Debug|Any CPU.Build.0 = Debug|Any CPU
		{0C848829-60F0-4267-8DDF-C8C0884429F6}.Release|Any CPU.ActiveCfg = Release|Any CPU
		{0C848829-60F0-4267-8DDF-C8C0884429F6}.Release|Any CPU.Build.0 = Release|Any CPU
	EndGlobalSection
	GlobalSection(SolutionProperties) = preSolution
		HideSolutionNode = FALSE
	EndGlobalSection
	GlobalSection(NestedProjects) = preSolution
		{0A605D9A-7F6A-47FB-8720-056DF38FC426} = {194BCE4C-459D-40F4-B548-B6023AB89AB3}
		{194BCE4C-459D-40F4-B548-B6023AB89AB3} = {8FA71D73-1450-48C9-B848-A5CAA64E0F0D}
		{44BDD6A0-9CEB-48E3-B9FE-332B795B9AA7} = {F215F006-32C4-4EE6-98E1-D17E1D90927F}
		{C1E1C143-C3F1-4635-B74D-2E1C9EFD5D3C} = {F215F006-32C4-4EE6-98E1-D17E1D90927F}
		{4EAC6CE7-ED0C-44A3-864A-7A3A078ECCEA} = {44BDD6A0-9CEB-48E3-B9FE-332B795B9AA7}
		{06A751D2-97CF-4BCA-92FF-BFBC5CF9E2C4} = {C1E1C143-C3F1-4635-B74D-2E1C9EFD5D3C}
		{F97465C6-E601-428D-9404-D0A02FED2DBD} = {F215F006-32C4-4EE6-98E1-D17E1D90927F}
		{A6091058-B9A5-4696-9536-3D852BB85AEE} = {F97465C6-E601-428D-9404-D0A02FED2DBD}
		{F7A9ABF9-3D76-459D-8B3E-D3AEC01281E6} = {4EA6E180-2CEC-48D4-8D85-C9B61A0C6914}
		{0C848829-60F0-4267-8DDF-C8C0884429F6} = {F7A9ABF9-3D76-459D-8B3E-D3AEC01281E6}
		{8FA71D73-1450-48C9-B848-A5CAA64E0F0D} = {63825200-93BA-421C-BCF5-2B7EBB3DBFCD}
		{4EA6E180-2CEC-48D4-8D85-C9B61A0C6914} = {63825200-93BA-421C-BCF5-2B7EBB3DBFCD}
		{F215F006-32C4-4EE6-98E1-D17E1D90927F} = {63825200-93BA-421C-BCF5-2B7EBB3DBFCD}
	EndGlobalSection
	GlobalSection(ExtensibilityGlobals) = postSolution
		SolutionGuid = {6A0EEAED-E587-4947-AE09-46B74F6675A9}
	EndGlobalSection
EndGlobal
