
Microsoft Visual Studio Solution File, Format Version 12.00
# Visual Studio Version 17
VisualStudioVersion = 17.4.33122.133
MinimumVisualStudioVersion = 10.0.40219.1
Project("{9A19103F-16F7-4668-BE54-9A1E7A4F7556}") = "razorandmvc", "razorandmvc\razorandmvc.csproj", "{35A46456-CA3F-4AA4-B671-CEEB4DB706E3}"
	ProjectSection(ProjectDependencies) = postProject
		{2570A45C-349E-4FDE-838E-BB8404024EC8} = {2570A45C-349E-4FDE-838E-BB8404024EC8}
		{C5189F2F-072B-4040-A06C-0405B74830BB} = {C5189F2F-072B-4040-A06C-0405B74830BB}
	EndProjectSection
EndProject
Project("{9A19103F-16F7-4668-BE54-9A1E7A4F7556}") = "DAL", "DAL\DAL.csproj", "{C5189F2F-072B-4040-A06C-0405B74830BB}"
EndProject
Project("{9A19103F-16F7-4668-BE54-9A1E7A4F7556}") = "Business", "Business\Business.csproj", "{6515E2DB-24AB-4447-B7E4-FC6F0A3E035A}"
EndProject
Project("{9A19103F-16F7-4668-BE54-9A1E7A4F7556}") = "Model-Service-Repository", "Model-Service-Repository\Model-Service-Repository.csproj", "{2570A45C-349E-4FDE-838E-BB8404024EC8}"
EndProject
Project("{9A19103F-16F7-4668-BE54-9A1E7A4F7556}") = "RepositoryServicePatternDemo", "RespositoryServicePatternDemo-master\RespositoryServicePatternDemo-master\RepositoryServicePatternDemo\RepositoryServicePatternDemo.csproj", "{1CA8A3F0-8E90-4FB7-AA10-30A57FE8F517}"
EndProject
Project("{9A19103F-16F7-4668-BE54-9A1E7A4F7556}") = "RepositoryServicePatternDemo.Core", "RespositoryServicePatternDemo-master\RespositoryServicePatternDemo-master\RepositoryServicePatternDemo.Core\RepositoryServicePatternDemo.Core.csproj", "{189EB045-156A-48A6-A771-CC339C510EA7}"
EndProject
Project("{9A19103F-16F7-4668-BE54-9A1E7A4F7556}") = "RepositoryServicePatternDemo.Web", "RespositoryServicePatternDemo-master\RespositoryServicePatternDemo-master\RepositoryServicePatternDemo.Web\RepositoryServicePatternDemo.Web.csproj", "{CAA4C885-DACB-4D02-BFF9-12DFFA88BFCA}"
EndProject
Global
	GlobalSection(SolutionConfigurationPlatforms) = preSolution
		Debug|Any CPU = Debug|Any CPU
		Release|Any CPU = Release|Any CPU
	EndGlobalSection
	GlobalSection(ProjectConfigurationPlatforms) = postSolution
		{35A46456-CA3F-4AA4-B671-CEEB4DB706E3}.Debug|Any CPU.ActiveCfg = Debug|Any CPU
		{35A46456-CA3F-4AA4-B671-CEEB4DB706E3}.Debug|Any CPU.Build.0 = Debug|Any CPU
		{35A46456-CA3F-4AA4-B671-CEEB4DB706E3}.Release|Any CPU.ActiveCfg = Release|Any CPU
		{35A46456-CA3F-4AA4-B671-CEEB4DB706E3}.Release|Any CPU.Build.0 = Release|Any CPU
		{C5189F2F-072B-4040-A06C-0405B74830BB}.Debug|Any CPU.ActiveCfg = Debug|Any CPU
		{C5189F2F-072B-4040-A06C-0405B74830BB}.Debug|Any CPU.Build.0 = Debug|Any CPU
		{C5189F2F-072B-4040-A06C-0405B74830BB}.Release|Any CPU.ActiveCfg = Release|Any CPU
		{C5189F2F-072B-4040-A06C-0405B74830BB}.Release|Any CPU.Build.0 = Release|Any CPU
		{6515E2DB-24AB-4447-B7E4-FC6F0A3E035A}.Debug|Any CPU.ActiveCfg = Debug|Any CPU
		{6515E2DB-24AB-4447-B7E4-FC6F0A3E035A}.Debug|Any CPU.Build.0 = Debug|Any CPU
		{6515E2DB-24AB-4447-B7E4-FC6F0A3E035A}.Release|Any CPU.ActiveCfg = Release|Any CPU
		{6515E2DB-24AB-4447-B7E4-FC6F0A3E035A}.Release|Any CPU.Build.0 = Release|Any CPU
		{2570A45C-349E-4FDE-838E-BB8404024EC8}.Debug|Any CPU.ActiveCfg = Debug|Any CPU
		{2570A45C-349E-4FDE-838E-BB8404024EC8}.Debug|Any CPU.Build.0 = Debug|Any CPU
		{2570A45C-349E-4FDE-838E-BB8404024EC8}.Release|Any CPU.ActiveCfg = Release|Any CPU
		{2570A45C-349E-4FDE-838E-BB8404024EC8}.Release|Any CPU.Build.0 = Release|Any CPU
		{1CA8A3F0-8E90-4FB7-AA10-30A57FE8F517}.Debug|Any CPU.ActiveCfg = Debug|Any CPU
		{1CA8A3F0-8E90-4FB7-AA10-30A57FE8F517}.Debug|Any CPU.Build.0 = Debug|Any CPU
		{1CA8A3F0-8E90-4FB7-AA10-30A57FE8F517}.Release|Any CPU.ActiveCfg = Release|Any CPU
		{1CA8A3F0-8E90-4FB7-AA10-30A57FE8F517}.Release|Any CPU.Build.0 = Release|Any CPU
		{189EB045-156A-48A6-A771-CC339C510EA7}.Debug|Any CPU.ActiveCfg = Debug|Any CPU
		{189EB045-156A-48A6-A771-CC339C510EA7}.Debug|Any CPU.Build.0 = Debug|Any CPU
		{189EB045-156A-48A6-A771-CC339C510EA7}.Release|Any CPU.ActiveCfg = Release|Any CPU
		{189EB045-156A-48A6-A771-CC339C510EA7}.Release|Any CPU.Build.0 = Release|Any CPU
		{CAA4C885-DACB-4D02-BFF9-12DFFA88BFCA}.Debug|Any CPU.ActiveCfg = Debug|Any CPU
		{CAA4C885-DACB-4D02-BFF9-12DFFA88BFCA}.Debug|Any CPU.Build.0 = Debug|Any CPU
		{CAA4C885-DACB-4D02-BFF9-12DFFA88BFCA}.Release|Any CPU.ActiveCfg = Release|Any CPU
		{CAA4C885-DACB-4D02-BFF9-12DFFA88BFCA}.Release|Any CPU.Build.0 = Release|Any CPU
	EndGlobalSection
	GlobalSection(SolutionProperties) = preSolution
		HideSolutionNode = FALSE
	EndGlobalSection
	GlobalSection(ExtensibilityGlobals) = postSolution
		SolutionGuid = {5E66B71A-15E8-4052-A281-E9B2DFC90C7D}
	EndGlobalSection
EndGlobal
