
Microsoft Visual Studio Solution File, Format Version 12.00
# Visual Studio Version 17
VisualStudioVersion = 17.4.33122.133
MinimumVisualStudioVersion = 10.0.40219.1
Project("{9A19103F-16F7-4668-BE54-9A1E7A4F7556}") = "razorandmvc", "razorandmvc\razorandmvc.csproj", "{35A46456-CA3F-4AA4-B671-CEEB4DB706E3}"
EndProject
Project("{9A19103F-16F7-4668-BE54-9A1E7A4F7556}") = "DAL", "DAL\DAL.csproj", "{C5189F2F-072B-4040-A06C-0405B74830BB}"
EndProject
Project("{9A19103F-16F7-4668-BE54-9A1E7A4F7556}") = "Business", "Business\Business.csproj", "{6515E2DB-24AB-4447-B7E4-FC6F0A3E035A}"
EndProject
Project("{FAE04EC0-301F-11D3-BF4B-00C04F79EFBC}") = "Model-Service-Repository", "Model-Service-Repository\Model-Service-Repository.csproj", "{2570A45C-349E-4FDE-838E-BB8404024EC8}"
EndProject
Project("{9A19103F-16F7-4668-BE54-9A1E7A4F7556}") = "RepositoryServicePatternDemo.Core", "..\..\..\..\Desktop\RespositoryServicePatternDemo-master\RespositoryServicePatternDemo-master\RepositoryServicePatternDemo.Core\RepositoryServicePatternDemo.Core.csproj", "{69A40D18-C4D4-45AE-83F4-AAB15EA07EEA}"
EndProject
Project("{9A19103F-16F7-4668-BE54-9A1E7A4F7556}") = "RepositoryServicePatternDemo", "..\..\..\..\Desktop\RespositoryServicePatternDemo-master\RespositoryServicePatternDemo-master\RepositoryServicePatternDemo\RepositoryServicePatternDemo.csproj", "{F69274D5-5FA3-4D73-9DC3-C9E1E15E4854}"
EndProject
Global
	GlobalSection(SolutionConfigurationPlatforms) = preSolution
		Debug|Any CPU = Debug|Any CPU
		Release|Any CPU = Release|Any CPU
	EndGlobalSection
	GlobalSection(ProjectConfigurationPlatforms) = postSolution
		{35A46456-CA3F-4AA4-B671-CEEB4DB706E3}.Debug|Any CPU.ActiveCfg = Debug|Any CPU
		{35A46456-CA3F-4AA4-B671-CEEB4DB706E3}.Debug|Any CPU.Build.0 = Debug|Any CPU
		{35A46456-CA3F-4AA4-B671-CEEB4DB706E3}.Release|Any CPU.ActiveCfg = Release|Any CPU
		{35A46456-CA3F-4AA4-B671-CEEB4DB706E3}.Release|Any CPU.Build.0 = Release|Any CPU
		{C5189F2F-072B-4040-A06C-0405B74830BB}.Debug|Any CPU.ActiveCfg = Debug|Any CPU
		{C5189F2F-072B-4040-A06C-0405B74830BB}.Debug|Any CPU.Build.0 = Debug|Any CPU
		{C5189F2F-072B-4040-A06C-0405B74830BB}.Release|Any CPU.ActiveCfg = Release|Any CPU
		{C5189F2F-072B-4040-A06C-0405B74830BB}.Release|Any CPU.Build.0 = Release|Any CPU
		{6515E2DB-24AB-4447-B7E4-FC6F0A3E035A}.Debug|Any CPU.ActiveCfg = Debug|Any CPU
		{6515E2DB-24AB-4447-B7E4-FC6F0A3E035A}.Debug|Any CPU.Build.0 = Debug|Any CPU
		{6515E2DB-24AB-4447-B7E4-FC6F0A3E035A}.Release|Any CPU.ActiveCfg = Release|Any CPU
		{6515E2DB-24AB-4447-B7E4-FC6F0A3E035A}.Release|Any CPU.Build.0 = Release|Any CPU
		{2570A45C-349E-4FDE-838E-BB8404024EC8}.Debug|Any CPU.ActiveCfg = Debug|Any CPU
		{2570A45C-349E-4FDE-838E-BB8404024EC8}.Debug|Any CPU.Build.0 = Debug|Any CPU
		{2570A45C-349E-4FDE-838E-BB8404024EC8}.Release|Any CPU.ActiveCfg = Release|Any CPU
		{2570A45C-349E-4FDE-838E-BB8404024EC8}.Release|Any CPU.Build.0 = Release|Any CPU
		{69A40D18-C4D4-45AE-83F4-AAB15EA07EEA}.Debug|Any CPU.ActiveCfg = Debug|Any CPU
		{69A40D18-C4D4-45AE-83F4-AAB15EA07EEA}.Debug|Any CPU.Build.0 = Debug|Any CPU
		{69A40D18-C4D4-45AE-83F4-AAB15EA07EEA}.Release|Any CPU.ActiveCfg = Release|Any CPU
		{69A40D18-C4D4-45AE-83F4-AAB15EA07EEA}.Release|Any CPU.Build.0 = Release|Any CPU
		{F69274D5-5FA3-4D73-9DC3-C9E1E15E4854}.Debug|Any CPU.ActiveCfg = Debug|Any CPU
		{F69274D5-5FA3-4D73-9DC3-C9E1E15E4854}.Debug|Any CPU.Build.0 = Debug|Any CPU
		{F69274D5-5FA3-4D73-9DC3-C9E1E15E4854}.Release|Any CPU.ActiveCfg = Release|Any CPU
		{F69274D5-5FA3-4D73-9DC3-C9E1E15E4854}.Release|Any CPU.Build.0 = Release|Any CPU
	EndGlobalSection
	GlobalSection(SolutionProperties) = preSolution
		HideSolutionNode = FALSE
	EndGlobalSection
	GlobalSection(ExtensibilityGlobals) = postSolution
		SolutionGuid = {5E66B71A-15E8-4052-A281-E9B2DFC90C7D}
	EndGlobalSection
EndGlobal
